
Microsoft Visual Studio Solution File, Format Version 12.00
# Visual Studio Version 17
VisualStudioVersion = 17.11.35208.52
MinimumVisualStudioVersion = 10.0.40219.1
Project("{FAE04EC0-301F-11D3-BF4B-00C04F79EFBC}") = "Calculadora", "Calculadora\Calculadora.csproj", "{44FF0BCC-784E-4E26-A6D9-37410FF8864D}"
EndProject
Global
	GlobalSection(SolutionConfigurationPlatforms) = preSolution
		Debug|Any CPU = Debug|Any CPU
		Release|Any CPU = Release|Any CPU
	EndGlobalSection
	GlobalSection(ProjectConfigurationPlatforms) = postSolution
		{44FF0BCC-784E-4E26-A6D9-37410FF8864D}.Debug|Any CPU.ActiveCfg = Debug|Any CPU
		{44FF0BCC-784E-4E26-A6D9-37410FF8864D}.Debug|Any CPU.Build.0 = Debug|Any CPU
		{44FF0BCC-784E-4E26-A6D9-37410FF8864D}.Release|Any CPU.ActiveCfg = Release|Any CPU
		{44FF0BCC-784E-4E26-A6D9-37410FF8864D}.Release|Any CPU.Build.0 = Release|Any CPU
	EndGlobalSection
	GlobalSection(SolutionProperties) = preSolution
		HideSolutionNode = FALSE
	EndGlobalSection
	GlobalSection(ExtensibilityGlobals) = postSolution
		SolutionGuid = {E550855E-935D-483B-817E-CD8B8C598F3D}
	EndGlobalSection
EndGlobal
